PODS:
  - Flutter (1.0.0)
  - integration_test (0.0.1):
    - Flutter
  - local_auth (0.0.1):
    - Flutter
  - OCMock (3.5)

DEPENDENCIES:
  - Flutter (from `Flutter`)
  - integration_test (from `.symlinks/plugins/integration_test/ios`)
  - local_auth (from `.symlinks/plugins/local_auth/ios`)
  - OCMock (= 3.5)

SPEC REPOS:
  trunk:
    - OCMock

EXTERNAL SOURCES:
  Flutter:
    :path: Flutter
  integration_test:
    :path: ".symlinks/plugins/integration_test/ios"
  local_auth:
    :path: ".symlinks/plugins/local_auth/ios"

SPEC CHECKSUMS:
  Flutter: f04841e97a9d0b0a8025694d0796dd46242b2854
  integration_test: 13825b8a9334a850581300559b8839134b124670
  local_auth: ef62030a2731330b95df7ef1331bd15f6a64b8a6
  OCMock: 4ab4577fc941af31f4a0398f6e7e230cf21fc72a

PODFILE CHECKSUM: 4208045ba6eb920de3464881847105e05d45a167

COCOAPODS: 1.12.1
